DEPENDENCIES
  gearmand
    path: .
    metadata: true
  supervisor
    git: git://github.com/poise/supervisor.git
    revision: 7fb41ff6b73649cdd19fff432564bb14adfd8b20

GRAPH
  build-essential (2.0.0)
  gearmand (1.0.0)
    yum (>= 0.0.0)
  python (1.4.6)
    build-essential (>= 0.0.0)
    yum-epel (>= 0.0.0)
  supervisor (0.4.11)
    python (>= 0.0.0)
  yum (3.2.0)
  yum-epel (0.3.6)
    yum (~> 3.0)
